
Microsoft Visual Studio Solution File, Format Version 12.00
# Visual Studio Version 16
VisualStudioVersion = 16.0.30907.101
MinimumVisualStudioVersion = 10.0.40219.1
Project("{FAE04EC0-301F-11D3-BF4B-00C04F79EFBC}") = "ConsoleAppLaba2", "ConsoleAppLaba2\ConsoleAppLaba2.csproj", "{1F9B8699-96B6-4A42-9929-23BDFEB3071E}"
EndProject
Global
	GlobalSection(SolutionConfigurationPlatforms) = preSolution
		Debug|Any CPU = Debug|Any CPU
		Release|Any CPU = Release|Any CPU
	EndGlobalSection
	GlobalSection(ProjectConfigurationPlatforms) = postSolution
		{1F9B8699-96B6-4A42-9929-23BDFEB3071E}.Debug|Any CPU.ActiveCfg = Debug|Any CPU
		{1F9B8699-96B6-4A42-9929-23BDFEB3071E}.Debug|Any CPU.Build.0 = Debug|Any CPU
		{1F9B8699-96B6-4A42-9929-23BDFEB3071E}.Release|Any CPU.ActiveCfg = Release|Any CPU
		{1F9B8699-96B6-4A42-9929-23BDFEB3071E}.Release|Any CPU.Build.0 = Release|Any CPU
	EndGlobalSection
	GlobalSection(SolutionProperties) = preSolution
		HideSolutionNode = FALSE
	EndGlobalSection
	GlobalSection(ExtensibilityGlobals) = postSolution
		SolutionGuid = {F7CF1CED-09BF-4820-90EF-E5AE0BF43793}
	EndGlobalSection
EndGlobal
